
Microsoft Visual Studio Solution File, Format Version 12.00
# Visual Studio Version 17
VisualStudioVersion = 17.10.35122.118
MinimumVisualStudioVersion = 10.0.40219.1
Project("{9A19103F-16F7-4668-BE54-9A1E7A4F7556}") = "Sales.Shared", "Sales.Shared\Sales.Shared.csproj", "{EFFC9FDF-9B70-4EEA-9DA7-E221FA04F469}"
EndProject
Project("{9A19103F-16F7-4668-BE54-9A1E7A4F7556}") = "Sales.API", "Sales.API\Sales.API.csproj", "{E07845AC-6BED-4248-811F-F2335794CF7C}"
EndProject
Project("{9A19103F-16F7-4668-BE54-9A1E7A4F7556}") = "Sales.WEB", "Sales.WEB\Sales.WEB.csproj", "{FFA25B23-2B6F-420B-B96D-02F7F399B3EB}"
EndProject
Project("{FAE04EC0-301F-11D3-BF4B-00C04F79EFBC}") = "Sales.Mobile", "Sales.Mobile\Sales.Mobile.csproj", "{E9D50619-2BFC-4DD1-B327-E076AF1A04DD}"
EndProject
Global
	GlobalSection(SolutionConfigurationPlatforms) = preSolution
		Debug|Any CPU = Debug|Any CPU
		Release|Any CPU = Release|Any CPU
	EndGlobalSection
	GlobalSection(ProjectConfigurationPlatforms) = postSolution
		{EFFC9FDF-9B70-4EEA-9DA7-E221FA04F469}.Debug|Any CPU.ActiveCfg = Debug|Any CPU
		{EFFC9FDF-9B70-4EEA-9DA7-E221FA04F469}.Debug|Any CPU.Build.0 = Debug|Any CPU
		{EFFC9FDF-9B70-4EEA-9DA7-E221FA04F469}.Release|Any CPU.ActiveCfg = Release|Any CPU
		{EFFC9FDF-9B70-4EEA-9DA7-E221FA04F469}.Release|Any CPU.Build.0 = Release|Any CPU
		{E07845AC-6BED-4248-811F-F2335794CF7C}.Debug|Any CPU.ActiveCfg = Debug|Any CPU
		{E07845AC-6BED-4248-811F-F2335794CF7C}.Debug|Any CPU.Build.0 = Debug|Any CPU
		{E07845AC-6BED-4248-811F-F2335794CF7C}.Release|Any CPU.ActiveCfg = Release|Any CPU
		{E07845AC-6BED-4248-811F-F2335794CF7C}.Release|Any CPU.Build.0 = Release|Any CPU
		{FFA25B23-2B6F-420B-B96D-02F7F399B3EB}.Debug|Any CPU.ActiveCfg = Debug|Any CPU
		{FFA25B23-2B6F-420B-B96D-02F7F399B3EB}.Debug|Any CPU.Build.0 = Debug|Any CPU
		{FFA25B23-2B6F-420B-B96D-02F7F399B3EB}.Release|Any CPU.ActiveCfg = Release|Any CPU
		{FFA25B23-2B6F-420B-B96D-02F7F399B3EB}.Release|Any CPU.Build.0 = Release|Any CPU
		{E9D50619-2BFC-4DD1-B327-E076AF1A04DD}.Debug|Any CPU.ActiveCfg = Debug|Any CPU
		{E9D50619-2BFC-4DD1-B327-E076AF1A04DD}.Debug|Any CPU.Build.0 = Debug|Any CPU
		{E9D50619-2BFC-4DD1-B327-E076AF1A04DD}.Debug|Any CPU.Deploy.0 = Debug|Any CPU
		{E9D50619-2BFC-4DD1-B327-E076AF1A04DD}.Release|Any CPU.ActiveCfg = Release|Any CPU
		{E9D50619-2BFC-4DD1-B327-E076AF1A04DD}.Release|Any CPU.Build.0 = Release|Any CPU
		{E9D50619-2BFC-4DD1-B327-E076AF1A04DD}.Release|Any CPU.Deploy.0 = Release|Any CPU
	EndGlobalSection
	GlobalSection(SolutionProperties) = preSolution
		HideSolutionNode = FALSE
	EndGlobalSection
	GlobalSection(ExtensibilityGlobals) = postSolution
		SolutionGuid = {B9252FDB-90CF-4B44-A8B4-A5AB00386982}
	EndGlobalSection
EndGlobal
